
Microsoft Visual Studio Solution File, Format Version 12.00
# Visual Studio Version 17
VisualStudioVersion = 17.7.34031.279
MinimumVisualStudioVersion = 10.0.40219.1
Project("{FAE04EC0-301F-11D3-BF4B-00C04F79EFBC}") = "BookstoreManagement", "BookstoreManagement.csproj", "{C19F7650-213C-4C99-AF40-A536228FE41F}"
EndProject
Global
	GlobalSection(SolutionConfigurationPlatforms) = preSolution
		Debug|Any CPU = Debug|Any CPU
		Release|Any CPU = Release|Any CPU
	EndGlobalSection
	GlobalSection(ProjectConfigurationPlatforms) = postSolution
		{C19F7650-213C-4C99-AF40-A536228FE41F}.Debug|Any CPU.ActiveCfg = Debug|Any CPU
		{C19F7650-213C-4C99-AF40-A536228FE41F}.Debug|Any CPU.Build.0 = Debug|Any CPU
		{C19F7650-213C-4C99-AF40-A536228FE41F}.Release|Any CPU.ActiveCfg = Release|Any CPU
		{C19F7650-213C-4C99-AF40-A536228FE41F}.Release|Any CPU.Build.0 = Release|Any CPU
	EndGlobalSection
	GlobalSection(SolutionProperties) = preSolution
		HideSolutionNode = FALSE
	EndGlobalSection
	GlobalSection(ExtensibilityGlobals) = postSolution
		SolutionGuid = {54392E16-0B80-4205-88B7-69539E817BC3}
	EndGlobalSection
EndGlobal
